
Microsoft Visual Studio Solution File, Format Version 12.00
# Visual Studio Version 17
VisualStudioVersion = 17.1.32414.318
MinimumVisualStudioVersion = 10.0.40219.1
Project("{E24C65DC-7377-472B-9ABA-BC803B73C61A}") = "Adm_FinancasTIAW", "Adm_FinancasTIAW\", "{F4BBF3FC-3C07-421D-8C5A-F76BAA255B91}"
	ProjectSection(WebsiteProperties) = preProject
		TargetFrameworkMoniker = ".NETFramework,Version%3Dv4.8"
		ProjectReferences = ""
		Debug.AspNetCompiler.VirtualPath = "/localhost_50472"
		Debug.AspNetCompiler.PhysicalPath = "Adm_FinancasTIAW\"
		Debug.AspNetCompiler.TargetPath = "PrecompiledWeb\localhost_50472\"
		Debug.AspNetCompiler.Updateable = "true"
		Debug.AspNetCompiler.ForceOverwrite = "true"
		Debug.AspNetCompiler.FixedNames = "false"
		Debug.AspNetCompiler.Debug = "True"
		Release.AspNetCompiler.VirtualPath = "/localhost_50472"
		Release.AspNetCompiler.PhysicalPath = "Adm_FinancasTIAW\"
		Release.AspNetCompiler.TargetPath = "PrecompiledWeb\localhost_50472\"
		Release.AspNetCompiler.Updateable = "true"
		Release.AspNetCompiler.ForceOverwrite = "true"
		Release.AspNetCompiler.FixedNames = "false"
		Release.AspNetCompiler.Debug = "False"
		VWDPort = "50472"
		SlnRelativePath = "Adm_FinancasTIAW\"
		DefaultWebSiteLanguage = "Visual C#"
	EndProjectSection
EndProject
Global
	GlobalSection(SolutionConfigurationPlatforms) = preSolution
		Debug|Any CPU = Debug|Any CPU
		Release|Any CPU = Release|Any CPU
	EndGlobalSection
	GlobalSection(ProjectConfigurationPlatforms) = postSolution
		{F4BBF3FC-3C07-421D-8C5A-F76BAA255B91}.Debug|Any CPU.ActiveCfg = Debug|Any CPU
		{F4BBF3FC-3C07-421D-8C5A-F76BAA255B91}.Debug|Any CPU.Build.0 = Debug|Any CPU
		{F4BBF3FC-3C07-421D-8C5A-F76BAA255B91}.Release|Any CPU.ActiveCfg = Debug|Any CPU
		{F4BBF3FC-3C07-421D-8C5A-F76BAA255B91}.Release|Any CPU.Build.0 = Debug|Any CPU
	EndGlobalSection
	GlobalSection(SolutionProperties) = preSolution
		HideSolutionNode = FALSE
	EndGlobalSection
	GlobalSection(ExtensibilityGlobals) = postSolution
		SolutionGuid = {8FEBA171-7A0A-420A-97BB-6B9D573197DB}
	EndGlobalSection
EndGlobal
